
Microsoft Visual Studio Solution File, Format Version 12.00
# Visual Studio Version 16
VisualStudioVersion = 16.0.810.14
MinimumVisualStudioVersion = 10.0.40219.1
Project("{FAE04EC0-301F-11D3-BF4B-00C04F79EFBC}") = "DevChoose.Web", "DevChoose.Web\DevChoose.Web.csproj", "{C4427806-7EEE-447D-B90E-9869C63D50D1}"
EndProject
Project("{FAE04EC0-301F-11D3-BF4B-00C04F79EFBC}") = "DevChoose.Services", "DevChoose.Services\DevChoose.Services.csproj", "{EB70F079-8F68-4AA5-865C-568287CF5FFE}"
EndProject
Project("{FAE04EC0-301F-11D3-BF4B-00C04F79EFBC}") = "DevChoose.Domain", "DevChoose.Domain\DevChoose.Domain.csproj", "{9AC3A118-27CE-4321-A7B4-A84E95B8C1C6}"
EndProject
Global
	GlobalSection(SolutionConfigurationPlatforms) = preSolution
		Debug|Any CPU = Debug|Any CPU
		Release|Any CPU = Release|Any CPU
	EndGlobalSection
	GlobalSection(ProjectConfigurationPlatforms) = postSolution
		{C4427806-7EEE-447D-B90E-9869C63D50D1}.Debug|Any CPU.ActiveCfg = Debug|Any CPU
		{C4427806-7EEE-447D-B90E-9869C63D50D1}.Debug|Any CPU.Build.0 = Debug|Any CPU
		{C4427806-7EEE-447D-B90E-9869C63D50D1}.Release|Any CPU.ActiveCfg = Release|Any CPU
		{C4427806-7EEE-447D-B90E-9869C63D50D1}.Release|Any CPU.Build.0 = Release|Any CPU
		{EB70F079-8F68-4AA5-865C-568287CF5FFE}.Debug|Any CPU.ActiveCfg = Debug|Any CPU
		{EB70F079-8F68-4AA5-865C-568287CF5FFE}.Debug|Any CPU.Build.0 = Debug|Any CPU
		{EB70F079-8F68-4AA5-865C-568287CF5FFE}.Release|Any CPU.ActiveCfg = Release|Any CPU
		{EB70F079-8F68-4AA5-865C-568287CF5FFE}.Release|Any CPU.Build.0 = Release|Any CPU
		{9AC3A118-27CE-4321-A7B4-A84E95B8C1C6}.Debug|Any CPU.ActiveCfg = Debug|Any CPU
		{9AC3A118-27CE-4321-A7B4-A84E95B8C1C6}.Debug|Any CPU.Build.0 = Debug|Any CPU
		{9AC3A118-27CE-4321-A7B4-A84E95B8C1C6}.Release|Any CPU.ActiveCfg = Release|Any CPU
		{9AC3A118-27CE-4321-A7B4-A84E95B8C1C6}.Release|Any CPU.Build.0 = Release|Any CPU
	EndGlobalSection
	GlobalSection(SolutionProperties) = preSolution
		HideSolutionNode = FALSE
	EndGlobalSection
	GlobalSection(ExtensibilityGlobals) = postSolution
		SolutionGuid = {AA4251FF-DF3F-424A-987B-2F956CEFC590}
	EndGlobalSection
EndGlobal
